
Microsoft Visual Studio Solution File, Format Version 12.00
Project("{2150E333-8FDC-42A3-9474-1A3956D46DE8}") = "_Config", "_Config", "{1A24778C-A8DC-4F7C-9DD7-1348B13EAF38}"
	ProjectSection(SolutionItems) = preProject
		My.Awesome.Library\.editorconfig = My.Awesome.Library\.editorconfig
		My.Awesome.Library\README.md = My.Awesome.Library\README.md
	EndProjectSection
EndProject
Project("{2150E333-8FDC-42A3-9474-1A3956D46DE8}") = "Packaging-Single", "Packaging-Single", "{240C7647-0172-4AE6-977B-5E3FDBF2ED7A}"
EndProject
Project("{FAE04EC0-301F-11D3-BF4B-00C04F79EFBC}") = "My.Awesome.Library", "My.Awesome.Library\My.Awesome.Library.csproj", "{7DC70BDC-1001-4617-B4F3-DDD6393EB813}"
EndProject
Global
	GlobalSection(SolutionConfigurationPlatforms) = preSolution
		Debug|Any CPU = Debug|Any CPU
		Release|Any CPU = Release|Any CPU
	EndGlobalSection
	GlobalSection(ProjectConfigurationPlatforms) = postSolution
		{7DC70BDC-1001-4617-B4F3-DDD6393EB813}.Debug|Any CPU.ActiveCfg = Debug|Any CPU
		{7DC70BDC-1001-4617-B4F3-DDD6393EB813}.Debug|Any CPU.Build.0 = Debug|Any CPU
		{7DC70BDC-1001-4617-B4F3-DDD6393EB813}.Release|Any CPU.ActiveCfg = Release|Any CPU
		{7DC70BDC-1001-4617-B4F3-DDD6393EB813}.Release|Any CPU.Build.0 = Release|Any CPU
	EndGlobalSection
	GlobalSection(NestedProjects) = preSolution
		{7DC70BDC-1001-4617-B4F3-DDD6393EB813} = {240C7647-0172-4AE6-977B-5E3FDBF2ED7A}
	EndGlobalSection
EndGlobal
